
Microsoft Visual Studio Solution File, Format Version 12.00
# Visual Studio Version 16
VisualStudioVersion = 16.0.32126.315
MinimumVisualStudioVersion = 10.0.40219.1
Project("{FAE04EC0-301F-11D3-BF4B-00C04F79EFBC}") = "022203TODOリスト", "022203TODOリスト\022203TODOリスト.csproj", "{45C0F118-AC18-4D8A-AFA6-DFFCEDBB6F59}"
EndProject
Global
	GlobalSection(SolutionConfigurationPlatforms) = preSolution
		Debug|Any CPU = Debug|Any CPU
		Release|Any CPU = Release|Any CPU
	EndGlobalSection
	GlobalSection(ProjectConfigurationPlatforms) = postSolution
		{45C0F118-AC18-4D8A-AFA6-DFFCEDBB6F59}.Debug|Any CPU.ActiveCfg = Debug|Any CPU
		{45C0F118-AC18-4D8A-AFA6-DFFCEDBB6F59}.Debug|Any CPU.Build.0 = Debug|Any CPU
		{45C0F118-AC18-4D8A-AFA6-DFFCEDBB6F59}.Release|Any CPU.ActiveCfg = Release|Any CPU
		{45C0F118-AC18-4D8A-AFA6-DFFCEDBB6F59}.Release|Any CPU.Build.0 = Release|Any CPU
	EndGlobalSection
	GlobalSection(SolutionProperties) = preSolution
		HideSolutionNode = FALSE
	EndGlobalSection
	GlobalSection(ExtensibilityGlobals) = postSolution
		SolutionGuid = {A785B209-03B5-4897-9D0D-D4FF0EA63585}
	EndGlobalSection
EndGlobal
